
Microsoft Visual Studio Solution File, Format Version 12.00
# Visual Studio Version 17
VisualStudioVersion = 17.5.33424.131
MinimumVisualStudioVersion = 10.0.40219.1
Project("{FAE04EC0-301F-11D3-BF4B-00C04F79EFBC}") = "StoreBack", "StoreBack\StoreBack.csproj", "{F43B2C6A-7C48-4322-A447-DD5FE1FE210C}"
EndProject
Global
	GlobalSection(SolutionConfigurationPlatforms) = preSolution
		Debug|Any CPU = Debug|Any CPU
		Release|Any CPU = Release|Any CPU
	EndGlobalSection
	GlobalSection(ProjectConfigurationPlatforms) = postSolution
		{F43B2C6A-7C48-4322-A447-DD5FE1FE210C}.Debug|Any CPU.ActiveCfg = Debug|Any CPU
		{F43B2C6A-7C48-4322-A447-DD5FE1FE210C}.Debug|Any CPU.Build.0 = Debug|Any CPU
		{F43B2C6A-7C48-4322-A447-DD5FE1FE210C}.Release|Any CPU.ActiveCfg = Release|Any CPU
		{F43B2C6A-7C48-4322-A447-DD5FE1FE210C}.Release|Any CPU.Build.0 = Release|Any CPU
	EndGlobalSection
	GlobalSection(SolutionProperties) = preSolution
		HideSolutionNode = FALSE
	EndGlobalSection
	GlobalSection(ExtensibilityGlobals) = postSolution
		SolutionGuid = {F82AD334-056D-43BB-9320-76473CF3A465}
	EndGlobalSection
EndGlobal
